
Microsoft Visual Studio Solution File, Format Version 12.00
# Visual Studio Version 16
VisualStudioVersion = 16.0.31702.278
MinimumVisualStudioVersion = 10.0.40219.1
Project("{FAE04EC0-301F-11D3-BF4B-00C04F79EFBC}") = "KTL2", "KTL2\KTL2.csproj", "{33F75602-4747-4479-8000-D277CB1232DF}"
EndProject
Global
	GlobalSection(SolutionConfigurationPlatforms) = preSolution
		Debug|Any CPU = Debug|Any CPU
		Release|Any CPU = Release|Any CPU
	EndGlobalSection
	GlobalSection(ProjectConfigurationPlatforms) = postSolution
		{33F75602-4747-4479-8000-D277CB1232DF}.Debug|Any CPU.ActiveCfg = Debug|Any CPU
		{33F75602-4747-4479-8000-D277CB1232DF}.Debug|Any CPU.Build.0 = Debug|Any CPU
		{33F75602-4747-4479-8000-D277CB1232DF}.Release|Any CPU.ActiveCfg = Release|Any CPU
		{33F75602-4747-4479-8000-D277CB1232DF}.Release|Any CPU.Build.0 = Release|Any CPU
	EndGlobalSection
	GlobalSection(SolutionProperties) = preSolution
		HideSolutionNode = FALSE
	EndGlobalSection
	GlobalSection(ExtensibilityGlobals) = postSolution
		SolutionGuid = {1B40C47A-59B2-489C-8BBB-FF89EB108ACB}
	EndGlobalSection
EndGlobal
